
Microsoft Visual Studio Solution File, Format Version 12.00
# Visual Studio Version 17
VisualStudioVersion = 17.4.33122.133
MinimumVisualStudioVersion = 10.0.40219.1
Project("{FAE04EC0-301F-11D3-BF4B-00C04F79EFBC}") = "FlightDataApi", "FlightDataApi.csproj", "{6AC0A914-0C71-4C07-BDBB-EA65CED6F3A6}"
EndProject
Global
	GlobalSection(SolutionConfigurationPlatforms) = preSolution
		Debug|Any CPU = Debug|Any CPU
		Release|Any CPU = Release|Any CPU
	EndGlobalSection
	GlobalSection(ProjectConfigurationPlatforms) = postSolution
		{6AC0A914-0C71-4C07-BDBB-EA65CED6F3A6}.Debug|Any CPU.ActiveCfg = Debug|Any CPU
		{6AC0A914-0C71-4C07-BDBB-EA65CED6F3A6}.Debug|Any CPU.Build.0 = Debug|Any CPU
		{6AC0A914-0C71-4C07-BDBB-EA65CED6F3A6}.Release|Any CPU.ActiveCfg = Release|Any CPU
		{6AC0A914-0C71-4C07-BDBB-EA65CED6F3A6}.Release|Any CPU.Build.0 = Release|Any CPU
	EndGlobalSection
	GlobalSection(SolutionProperties) = preSolution
		HideSolutionNode = FALSE
	EndGlobalSection
	GlobalSection(ExtensibilityGlobals) = postSolution
		SolutionGuid = {17EFC117-F162-40DA-B833-7D9C4153CB3D}
	EndGlobalSection
EndGlobal
